
Microsoft Visual Studio Solution File, Format Version 12.00
# Visual Studio Version 17
VisualStudioVersion = 17.2.32526.322
MinimumVisualStudioVersion = 10.0.40219.1
Project("{FAE04EC0-301F-11D3-BF4B-00C04F79EFBC}") = "DataControls", "DataControls\DataControls.csproj", "{43BA20EB-41BC-43F2-ACDF-EA633A67A30F}"
EndProject
Global
	GlobalSection(SolutionConfigurationPlatforms) = preSolution
		Debug|Any CPU = Debug|Any CPU
		Release|Any CPU = Release|Any CPU
	EndGlobalSection
	GlobalSection(ProjectConfigurationPlatforms) = postSolution
		{43BA20EB-41BC-43F2-ACDF-EA633A67A30F}.Debug|Any CPU.ActiveCfg = Debug|Any CPU
		{43BA20EB-41BC-43F2-ACDF-EA633A67A30F}.Debug|Any CPU.Build.0 = Debug|Any CPU
		{43BA20EB-41BC-43F2-ACDF-EA633A67A30F}.Release|Any CPU.ActiveCfg = Release|Any CPU
		{43BA20EB-41BC-43F2-ACDF-EA633A67A30F}.Release|Any CPU.Build.0 = Release|Any CPU
	EndGlobalSection
	GlobalSection(SolutionProperties) = preSolution
		HideSolutionNode = FALSE
	EndGlobalSection
	GlobalSection(ExtensibilityGlobals) = postSolution
		SolutionGuid = {277881A1-45D5-4AE1-BF7D-DBAF1C503F26}
	EndGlobalSection
EndGlobal
